// !$*UTF8*$!
{
	archiveVersion = 1;
	classes = {
	};
	objectVersion = 55;
	objects = {

/* Begin PBXBuildFile section */
		A101A0B128B00A3D00D4679E /* Movie.swift in Sources */ = {isa = PBXBuildFile; fileRef = A101A0B028B00A3D00D4679E /* Movie.swift */; };
		A11ECD7F286F82E5006E2BD7 /* AppDelegate.swift in Sources */ = {isa = PBXBuildFile; fileRef = A11ECD7E286F82E5006E2BD7 /* AppDelegate.swift */; };
		A11ECD81286F82E5006E2BD7 /* SceneDelegate.swift in Sources */ = {isa = PBXBuildFile; fileRef = A11ECD80286F82E5006E2BD7 /* SceneDelegate.swift */; };
		A11ECD83286F82E5006E2BD7 /* MovieListController.swift in Sources */ = {isa = PBXBuildFile; fileRef = A11ECD82286F82E5006E2BD7 /* MovieListController.swift */; };
		A11ECD86286F82E5006E2BD7 /* Main.storyboard in Resources */ = {isa = PBXBuildFile; fileRef = A11ECD84286F82E5006E2BD7 /* Main.storyboard */; };
		A11ECD88286F82E6006E2BD7 /* Assets.xcassets in Resources */ = {isa = PBXBuildFile; fileRef = A11ECD87286F82E6006E2BD7 /* Assets.xcassets */; };
		A11ECD8B286F82E6006E2BD7 /* LaunchScreen.storyboard in Resources */ = {isa = PBXBuildFile; fileRef = A11ECD89286F82E6006E2BD7 /* LaunchScreen.storyboard */; };
		A13DBBCB28B0FB3C00C857F0 /* MovieService.swift in Sources */ = {isa = PBXBuildFile; fileRef = A13DBBCA28B0FB3C00C857F0 /* MovieService.swift */; };
		A13DBBCD28B108C200C857F0 /* AllMovies.swift in Sources */ = {isa = PBXBuildFile; fileRef = A13DBBCC28B108C200C857F0 /* AllMovies.swift */; };
		A13DBBD028B12DF900C857F0 /* Kingfisher in Frameworks */ = {isa = PBXBuildFile; productRef = A13DBBCF28B12DF900C857F0 /* Kingfisher */; };
		A13DBBD228B4A4AB00C857F0 /* DetailViewController.swift in Sources */ = {isa = PBXBuildFile; fileRef = A13DBBD128B4A4AB00C857F0 /* DetailViewController.swift */; };
		A13DBBD428BCDA3F00C857F0 /* MovieDetail.swift in Sources */ = {isa = PBXBuildFile; fileRef = A13DBBD328BCDA3F00C857F0 /* MovieDetail.swift */; };
		A161201928A52A110040E374 /* CastCollectionViewCell.swift in Sources */ = {isa = PBXBuildFile; fileRef = A161201728A52A110040E374 /* CastCollectionViewCell.swift */; };
		A161201A28A52A110040E374 /* CastCollectionViewCell.xib in Resources */ = {isa = PBXBuildFile; fileRef = A161201828A52A110040E374 /* CastCollectionViewCell.xib */; };
		A17E275028763F2A00BA58C5 /* MoviesManager.swift in Sources */ = {isa = PBXBuildFile; fileRef = A17E274F28763F2A00BA58C5 /* MoviesManager.swift */; };
		A17E275628764D1E00BA58C5 /* ListTableViewCell.xib in Resources */ = {isa = PBXBuildFile; fileRef = A17E275328764D1E00BA58C5 /* ListTableViewCell.xib */; };
		A17E275728764D1E00BA58C5 /* ListTableViewCell.swift in Sources */ = {isa = PBXBuildFile; fileRef = A17E275428764D1E00BA58C5 /* ListTableViewCell.swift */; };
/* End PBXBuildFile section */

/* Begin PBXFileReference section */
		A101A0B028B00A3D00D4679E /* Movie.swift */ = {isa = PBXFileReference; lastKnownFileType = sourcecode.swift; path = Movie.swift; sourceTree = "<group>"; };
		A11ECD7B286F82E5006E2BD7 /* MoviesApp.app */ = {isa = PBXFileReference; explicitFileType = wrapper.application; includeInIndex = 0; path = MoviesApp.app; sourceTree = BUILT_PRODUCTS_DIR; };
		A11ECD7E286F82E5006E2BD7 /* AppDelegate.swift */ = {isa = PBXFileReference; lastKnownFileType = sourcecode.swift; path = AppDelegate.swift; sourceTree = "<group>"; };
		A11ECD80286F82E5006E2BD7 /* SceneDelegate.swift */ = {isa = PBXFileReference; lastKnownFileType = sourcecode.swift; path = SceneDelegate.swift; sourceTree = "<group>"; };
		A11ECD82286F82E5006E2BD7 /* MovieListController.swift */ = {isa = PBXFileReference; lastKnownFileType = sourcecode.swift; path = MovieListController.swift; sourceTree = "<group>"; };
		A11ECD85286F82E5006E2BD7 /* Base */ = {isa = PBXFileReference; lastKnownFileType = file.storyboard; name = Base; path = Base.lproj/Main.storyboard; sourceTree = "<group>"; };
		A11ECD87286F82E6006E2BD7 /* Assets.xcassets */ = {isa = PBXFileReference; lastKnownFileType = folder.assetcatalog; path = Assets.xcassets; sourceTree = "<group>"; };
		A11ECD8A286F82E6006E2BD7 /* Base */ = {isa = PBXFileReference; lastKnownFileType = file.storyboard; name = Base; path = Base.lproj/LaunchScreen.storyboard; sourceTree = "<group>"; };
		A11ECD8C286F82E6006E2BD7 /* Info.plist */ = {isa = PBXFileReference; lastKnownFileType = text.plist.xml; path = Info.plist; sourceTree = "<group>"; };
		A13DBBCA28B0FB3C00C857F0 /* MovieService.swift */ = {isa = PBXFileReference; lastKnownFileType = sourcecode.swift; path = MovieService.swift; sourceTree = "<group>"; };
		A13DBBCC28B108C200C857F0 /* AllMovies.swift */ = {isa = PBXFileReference; lastKnownFileType = sourcecode.swift; path = AllMovies.swift; sourceTree = "<group>"; };
		A13DBBD128B4A4AB00C857F0 /* DetailViewController.swift */ = {isa = PBXFileReference; lastKnownFileType = sourcecode.swift; path = DetailViewController.swift; sourceTree = "<group>"; };
		A13DBBD328BCDA3F00C857F0 /* MovieDetail.swift */ = {isa = PBXFileReference; lastKnownFileType = sourcecode.swift; path = MovieDetail.swift; sourceTree = "<group>"; };
		A161201728A52A110040E374 /* CastCollectionViewCell.swift */ = {isa = PBXFileReference; lastKnownFileType = sourcecode.swift; path = CastCollectionViewCell.swift; sourceTree = "<group>"; };
		A161201828A52A110040E374 /* CastCollectionViewCell.xib */ = {isa = PBXFileReference; lastKnownFileType = file.xib; path = CastCollectionViewCell.xib; sourceTree = "<group>"; };
		A17E274F28763F2A00BA58C5 /* MoviesManager.swift */ = {isa = PBXFileReference; lastKnownFileType = sourcecode.swift; path = MoviesManager.swift; sourceTree = "<group>"; };
		A17E275328764D1E00BA58C5 /* ListTableViewCell.xib */ = {isa = PBXFileReference; fileEncoding = 4; lastKnownFileType = file.xib; path = ListTableViewCell.xib; sourceTree = "<group>"; };
		A17E275428764D1E00BA58C5 /* ListTableViewCell.swift */ = {isa = PBXFileReference; fileEncoding = 4; lastKnownFileType = sourcecode.swift; path = ListTableViewCell.swift; sourceTree = "<group>"; };
/* End PBXFileReference section */

/* Begin PBXFrameworksBuildPhase section */
		A11ECD78286F82E5006E2BD7 /* Frameworks */ = {
			isa = PBXFrameworksBuildPhase;
			buildActionMask = 2147483647;
			files = (
				A13DBBD028B12DF900C857F0 /* Kingfisher in Frameworks */,
			);
			runOnlyForDeploymentPostprocessing = 0;
		};
/* End PBXFrameworksBuildPhase section */

/* Begin PBXGroup section */
		A101A0AF28B00A2C00D4679E /* Network */ = {
			isa = PBXGroup;
			children = (
				A13DBBC928B0FB2400C857F0 /* Service */,
				A17E274E28763F1A00BA58C5 /* Model */,
			);
			path = Network;
			sourceTree = "<group>";
		};
		A11ECD72286F82E5006E2BD7 = {
			isa = PBXGroup;
			children = (
				A11ECD7D286F82E5006E2BD7 /* MoviesApp */,
				A11ECD7C286F82E5006E2BD7 /* Products */,
			);
			sourceTree = "<group>";
		};
		A11ECD7C286F82E5006E2BD7 /* Products */ = {
			isa = PBXGroup;
			children = (
				A11ECD7B286F82E5006E2BD7 /* MoviesApp.app */,
			);
			name = Products;
			sourceTree = "<group>";
		};
		A11ECD7D286F82E5006E2BD7 /* MoviesApp */ = {
			isa = PBXGroup;
			children = (
				A11ECD7E286F82E5006E2BD7 /* AppDelegate.swift */,
				A11ECD80286F82E5006E2BD7 /* SceneDelegate.swift */,
				A101A0AF28B00A2C00D4679E /* Network */,
				A17E274F28763F2A00BA58C5 /* MoviesManager.swift */,
				A13629512873A3200089F3BB /* View */,
				A1362929287097970089F3BB /* Controller */,
				A11ECD87286F82E6006E2BD7 /* Assets.xcassets */,
				A11ECD89286F82E6006E2BD7 /* LaunchScreen.storyboard */,
				A11ECD8C286F82E6006E2BD7 /* Info.plist */,
			);
			path = MoviesApp;
			sourceTree = "<group>";
		};
		A1362929287097970089F3BB /* Controller */ = {
			isa = PBXGroup;
			children = (
				A11ECD82286F82E5006E2BD7 /* MovieListController.swift */,
				A13DBBD128B4A4AB00C857F0 /* DetailViewController.swift */,
			);
			path = Controller;
			sourceTree = "<group>";
		};
		A13629512873A3200089F3BB /* View */ = {
			isa = PBXGroup;
			children = (
				A11ECD84286F82E5006E2BD7 /* Main.storyboard */,
				A17E275928764D2D00BA58C5 /* ListCells */,
				A161201B28A52A1B0040E374 /* CastCells */,
			);
			name = View;
			path = "Vİews";
			sourceTree = "<group>";
		};
		A13DBBC928B0FB2400C857F0 /* Service */ = {
			isa = PBXGroup;
			children = (
				A13DBBCA28B0FB3C00C857F0 /* MovieService.swift */,
			);
			path = Service;
			sourceTree = "<group>";
		};
		A161201B28A52A1B0040E374 /* CastCells */ = {
			isa = PBXGroup;
			children = (
				A161201728A52A110040E374 /* CastCollectionViewCell.swift */,
				A161201828A52A110040E374 /* CastCollectionViewCell.xib */,
			);
			path = CastCells;
			sourceTree = "<group>";
		};
		A17E274E28763F1A00BA58C5 /* Model */ = {
			isa = PBXGroup;
			children = (
				A101A0B028B00A3D00D4679E /* Movie.swift */,
				A13DBBCC28B108C200C857F0 /* AllMovies.swift */,
				A13DBBD328BCDA3F00C857F0 /* MovieDetail.swift */,
			);
			path = Model;
			sourceTree = "<group>";
		};
		A17E275928764D2D00BA58C5 /* ListCells */ = {
			isa = PBXGroup;
			children = (
				A17E275428764D1E00BA58C5 /* ListTableViewCell.swift */,
				A17E275328764D1E00BA58C5 /* ListTableViewCell.xib */,
			);
			path = ListCells;
			sourceTree = "<group>";
		};
/* End PBXGroup section */

/* Begin PBXNativeTarget section */
		A11ECD7A286F82E5006E2BD7 /* MoviesApp */ = {
			isa = PBXNativeTarget;
			buildConfigurationList = A11ECD8F286F82E6006E2BD7 /* Build configuration list for PBXNativeTarget "MoviesApp" */;
			buildPhases = (
				A11ECD77286F82E5006E2BD7 /* Sources */,
				A11ECD78286F82E5006E2BD7 /* Frameworks */,
				A11ECD79286F82E5006E2BD7 /* Resources */,
			);
			buildRules = (
			);
			dependencies = (
			);
			name = MoviesApp;
			packageProductDependencies = (
				A13DBBCF28B12DF900C857F0 /* Kingfisher */,
			);
			productName = MoviesApp;
			productReference = A11ECD7B286F82E5006E2BD7 /* MoviesApp.app */;
			productType = "com.apple.product-type.application";
		};
/* End PBXNativeTarget section */

/* Begin PBXProject section */
		A11ECD73286F82E5006E2BD7 /* Project object */ = {
			isa = PBXProject;
			attributes = {
				BuildIndependentTargetsInParallel = 1;
				LastSwiftUpdateCheck = 1340;
				LastUpgradeCheck = 1340;
				TargetAttributes = {
					A11ECD7A286F82E5006E2BD7 = {
						CreatedOnToolsVersion = 13.4.1;
					};
				};
			};
			buildConfigurationList = A11ECD76286F82E5006E2BD7 /* Build configuration list for PBXProject "MoviesApp" */;
			compatibilityVersion = "Xcode 13.0";
			developmentRegion = en;
			hasScannedForEncodings = 0;
			knownRegions = (
				en,
				Base,
			);
			mainGroup = A11ECD72286F82E5006E2BD7;
			packageReferences = (
				A13DBBCE28B12DF900C857F0 /* XCRemoteSwiftPackageReference "Kingfisher" */,
			);
			productRefGroup = A11ECD7C286F82E5006E2BD7 /* Products */;
			projectDirPath = "";
			projectRoot = "";
			targets = (
				A11ECD7A286F82E5006E2BD7 /* MoviesApp */,
			);
		};
/* End PBXProject section */

/* Begin PBXResourcesBuildPhase section */
		A11ECD79286F82E5006E2BD7 /* Resources */ = {
			isa = PBXResourcesBuildPhase;
			buildActionMask = 2147483647;
			files = (
				A161201A28A52A110040E374 /* CastCollectionViewCell.xib in Resources */,
				A11ECD8B286F82E6006E2BD7 /* LaunchScreen.storyboard in Resources */,
				A17E275628764D1E00BA58C5 /* ListTableViewCell.xib in Resources */,
				A11ECD88286F82E6006E2BD7 /* Assets.xcassets in Resources */,
				A11ECD86286F82E5006E2BD7 /* Main.storyboard in Resources */,
			);
			runOnlyForDeploymentPostprocessing = 0;
		};
/* End PBXResourcesBuildPhase section */

/* Begin PBXSourcesBuildPhase section */
		A11ECD77286F82E5006E2BD7 /* Sources */ = {
			isa = PBXSourcesBuildPhase;
			buildActionMask = 2147483647;
			files = (
				A101A0B128B00A3D00D4679E /* Movie.swift in Sources */,
				A13DBBCD28B108C200C857F0 /* AllMovies.swift in Sources */,
				A17E275728764D1E00BA58C5 /* ListTableViewCell.swift in Sources */,
				A11ECD83286F82E5006E2BD7 /* MovieListController.swift in Sources */,
				A11ECD7F286F82E5006E2BD7 /* AppDelegate.swift in Sources */,
				A11ECD81286F82E5006E2BD7 /* SceneDelegate.swift in Sources */,
				A161201928A52A110040E374 /* CastCollectionViewCell.swift in Sources */,
				A13DBBD228B4A4AB00C857F0 /* DetailViewController.swift in Sources */,
				A17E275028763F2A00BA58C5 /* MoviesManager.swift in Sources */,
				A13DBBCB28B0FB3C00C857F0 /* MovieService.swift in Sources */,
				A13DBBD428BCDA3F00C857F0 /* MovieDetail.swift in Sources */,
			);
			runOnlyForDeploymentPostprocessing = 0;
		};
/* End PBXSourcesBuildPhase section */

/* Begin PBXVariantGroup section */
		A11ECD84286F82E5006E2BD7 /* Main.storyboard */ = {
			isa = PBXVariantGroup;
			children = (
				A11ECD85286F82E5006E2BD7 /* Base */,
			);
			name = Main.storyboard;
			sourceTree = "<group>";
		};
		A11ECD89286F82E6006E2BD7 /* LaunchScreen.storyboard */ = {
			isa = PBXVariantGroup;
			children = (
				A11ECD8A286F82E6006E2BD7 /* Base */,
			);
			name = LaunchScreen.storyboard;
			sourceTree = "<group>";
		};
/* End PBXVariantGroup section */

/* Begin XCBuildConfiguration section */
		A11ECD8D286F82E6006E2BD7 /* Debug */ = {
			isa = XCBuildConfiguration;
			buildSettings = {
				ALWAYS_SEARCH_USER_PATHS = NO;
				CLANG_ANALYZER_NONNULL = YES;
				CLANG_ANALYZER_NUMBER_OBJECT_CONVERSION = YES_AGGRESSIVE;
				CLANG_CXX_LANGUAGE_STANDARD = "gnu++17";
				CLANG_ENABLE_MODULES = YES;
				CLANG_ENABLE_OBJC_ARC = YES;
				CLANG_ENABLE_OBJC_WEAK = YES;
				CLANG_WARN_BLOCK_CAPTURE_AUTORELEASING = YES;
				CLANG_WARN_BOOL_CONVERSION = YES;
				CLANG_WARN_COMMA = YES;
				CLANG_WARN_CONSTANT_CONVERSION = YES;
				CLANG_WARN_DEPRECATED_OBJC_IMPLEMENTATIONS = YES;
				CLANG_WARN_DIRECT_OBJC_ISA_USAGE = YES_ERROR;
				CLANG_WARN_DOCUMENTATION_COMMENTS = YES;
				CLANG_WARN_EMPTY_BODY = YES;
				CLANG_WARN_ENUM_CONVERSION = YES;
				CLANG_WARN_INFINITE_RECURSION = YES;
				CLANG_WARN_INT_CONVERSION = YES;
				CLANG_WARN_NON_LITERAL_NULL_CONVERSION = YES;
				CLANG_WARN_OBJC_IMPLICIT_RETAIN_SELF = YES;
				CLANG_WARN_OBJC_LITERAL_CONVERSION = YES;
				CLANG_WARN_OBJC_ROOT_CLASS = YES_ERROR;
				CLANG_WARN_QUOTED_INCLUDE_IN_FRAMEWORK_HEADER = YES;
				CLANG_WARN_RANGE_LOOP_ANALYSIS = YES;
				CLANG_WARN_STRICT_PROTOTYPES = YES;
				CLANG_WARN_SUSPICIOUS_MOVE = YES;
				CLANG_WARN_UNGUARDED_AVAILABILITY = YES_AGGRESSIVE;
				CLANG_WARN_UNREACHABLE_CODE = YES;
				CLANG_WARN__DUPLICATE_METHOD_MATCH = YES;
				COPY_PHASE_STRIP = NO;
				DEBUG_INFORMATION_FORMAT = dwarf;
				ENABLE_STRICT_OBJC_MSGSEND = YES;
				ENABLE_TESTABILITY = YES;
				GCC_C_LANGUAGE_STANDARD = gnu11;
				GCC_DYNAMIC_NO_PIC = NO;
				GCC_NO_COMMON_BLOCKS = YES;
				GCC_OPTIMIZATION_LEVEL = 0;
				GCC_PREPROCESSOR_DEFINITIONS = (
					"DEBUG=1",
					"$(inherited)",
				);
				GCC_WARN_64_TO_32_BIT_CONVERSION = YES;
				GCC_WARN_ABOUT_RETURN_TYPE = YES_ERROR;
				GCC_WARN_UNDECLARED_SELECTOR = YES;
				GCC_WARN_UNINITIALIZED_AUTOS = YES_AGGRESSIVE;
				GCC_WARN_UNUSED_FUNCTION = YES;
				GCC_WARN_UNUSED_VARIABLE = YES;
				IPHONEOS_DEPLOYMENT_TARGET = 15.5;
				MTL_ENABLE_DEBUG_INFO = INCLUDE_SOURCE;
				MTL_FAST_MATH = YES;
				ONLY_ACTIVE_ARCH = YES;
				SDKROOT = iphoneos;
				SWIFT_ACTIVE_COMPILATION_CONDITIONS = DEBUG;
				SWIFT_OPTIMIZATION_LEVEL = "-Onone";
			};
			name = Debug;
		};
		A11ECD8E286F82E6006E2BD7 /* Release */ = {
			isa = XCBuildConfiguration;
			buildSettings = {
				ALWAYS_SEARCH_USER_PATHS = NO;
				CLANG_ANALYZER_NONNULL = YES;
				CLANG_ANALYZER_NUMBER_OBJECT_CONVERSION = YES_AGGRESSIVE;
				CLANG_CXX_LANGUAGE_STANDARD = "gnu++17";
				CLANG_ENABLE_MODULES = YES;
				CLANG_ENABLE_OBJC_ARC = YES;
				CLANG_ENABLE_OBJC_WEAK = YES;
				CLANG_WARN_BLOCK_CAPTURE_AUTORELEASING = YES;
				CLANG_WARN_BOOL_CONVERSION = YES;
				CLANG_WARN_COMMA = YES;
				CLANG_WARN_CONSTANT_CONVERSION = YES;
				CLANG_WARN_DEPRECATED_OBJC_IMPLEMENTATIONS = YES;
				CLANG_WARN_DIRECT_OBJC_ISA_USAGE = YES_ERROR;
				CLANG_WARN_DOCUMENTATION_COMMENTS = YES;
				CLANG_WARN_EMPTY_BODY = YES;
				CLANG_WARN_ENUM_CONVERSION = YES;
				CLANG_WARN_INFINITE_RECURSION = YES;
				CLANG_WARN_INT_CONVERSION = YES;
				CLANG_WARN_NON_LITERAL_NULL_CONVERSION = YES;
				CLANG_WARN_OBJC_IMPLICIT_RETAIN_SELF = YES;
				CLANG_WARN_OBJC_LITERAL_CONVERSION = YES;
				CLANG_WARN_OBJC_ROOT_CLASS = YES_ERROR;
				CLANG_WARN_QUOTED_INCLUDE_IN_FRAMEWORK_HEADER = YES;
				CLANG_WARN_RANGE_LOOP_ANALYSIS = YES;
				CLANG_WARN_STRICT_PROTOTYPES = YES;
				CLANG_WARN_SUSPICIOUS_MOVE = YES;
				CLANG_WARN_UNGUARDED_AVAILABILITY = YES_AGGRESSIVE;
				CLANG_WARN_UNREACHABLE_CODE = YES;
				CLANG_WARN__DUPLICATE_METHOD_MATCH = YES;
				COPY_PHASE_STRIP = NO;
				DEBUG_INFORMATION_FORMAT = "dwarf-with-dsym";
				ENABLE_NS_ASSERTIONS = NO;
				ENABLE_STRICT_OBJC_MSGSEND = YES;
				GCC_C_LANGUAGE_STANDARD = gnu11;
				GCC_NO_COMMON_BLOCKS = YES;
				GCC_WARN_64_TO_32_BIT_CONVERSION = YES;
				GCC_WARN_ABOUT_RETURN_TYPE = YES_ERROR;
				GCC_WARN_UNDECLARED_SELECTOR = YES;
				GCC_WARN_UNINITIALIZED_AUTOS = YES_AGGRESSIVE;
				GCC_WARN_UNUSED_FUNCTION = YES;
				GCC_WARN_UNUSED_VARIABLE = YES;
				IPHONEOS_DEPLOYMENT_TARGET = 15.5;
				MTL_ENABLE_DEBUG_INFO = NO;
				MTL_FAST_MATH = YES;
				SDKROOT = iphoneos;
				SWIFT_COMPILATION_MODE = wholemodule;
				SWIFT_OPTIMIZATION_LEVEL = "-O";
				VALIDATE_PRODUCT = YES;
			};
			name = Release;
		};
		A11ECD90286F82E6006E2BD7 /* Debug */ = {
			isa = XCBuildConfiguration;
			buildSettings = {
				ASSETCATALOG_COMPILER_APPICON_NAME = AppIcon;
				ASSETCATALOG_COMPILER_GLOBAL_ACCENT_COLOR_NAME = AccentColor;
				CODE_SIGN_STYLE = Automatic;
				CURRENT_PROJECT_VERSION = 1;
				DEVELOPMENT_TEAM = 7243FC7PX2;
				GENERATE_INFOPLIST_FILE = YES;
				INFOPLIST_FILE = MoviesApp/Info.plist;
				INFOPLIST_KEY_UIApplicationSupportsIndirectInputEvents = YES;
				INFOPLIST_KEY_UILaunchStoryboardName = LaunchScreen;
				INFOPLIST_KEY_UIMainStoryboardFile = Main;
				INFOPLIST_KEY_UISupportedInterfaceOrientations = UIInterfaceOrientationPortrait;
				INFOPLIST_KEY_UISupportedInterfaceOrientations_iPad = "UIInterfaceOrientationPortrait UIInterfaceOrientationPortraitUpsideDown UIInterfaceOrientationLandscapeLeft UIInterfaceOrientationLandscapeRight";
				INFOPLIST_KEY_UISupportedInterfaceOrientations_iPhone = "UIInterfaceOrientationPortrait UIInterfaceOrientationLandscapeLeft UIInterfaceOrientationLandscapeRight";
				IPHONEOS_DEPLOYMENT_TARGET = 15.5;
				LD_RUNPATH_SEARCH_PATHS = (
					"$(inherited)",
					"@executable_path/Frameworks",
				);
				MARKETING_VERSION = 1.0;
				PRODUCT_BUNDLE_IDENTIFIER = com.burak.MoviesApp;
				PRODUCT_NAME = "$(TARGET_NAME)";
				SWIFT_EMIT_LOC_STRINGS = YES;
				SWIFT_VERSION = 5.0;
				TARGETED_DEVICE_FAMILY = 1;
			};
			name = Debug;
		};
		A11ECD91286F82E6006E2BD7 /* Release */ = {
			isa = XCBuildConfiguration;
			buildSettings = {
				ASSETCATALOG_COMPILER_APPICON_NAME = AppIcon;
				ASSETCATALOG_COMPILER_GLOBAL_ACCENT_COLOR_NAME = AccentColor;
				CODE_SIGN_STYLE = Automatic;
				CURRENT_PROJECT_VERSION = 1;
				DEVELOPMENT_TEAM = 7243FC7PX2;
				GENERATE_INFOPLIST_FILE = YES;
				INFOPLIST_FILE = MoviesApp/Info.plist;
				INFOPLIST_KEY_UIApplicationSupportsIndirectInputEvents = YES;
				INFOPLIST_KEY_UILaunchStoryboardName = LaunchScreen;
				INFOPLIST_KEY_UIMainStoryboardFile = Main;
				INFOPLIST_KEY_UISupportedInterfaceOrientations = UIInterfaceOrientationPortrait;
				INFOPLIST_KEY_UISupportedInterfaceOrientations_iPad = "UIInterfaceOrientationPortrait UIInterfaceOrientationPortraitUpsideDown UIInterfaceOrientationLandscapeLeft UIInterfaceOrientationLandscapeRight";
				INFOPLIST_KEY_UISupportedInterfaceOrientations_iPhone = "UIInterfaceOrientationPortrait UIInterfaceOrientationLandscapeLeft UIInterfaceOrientationLandscapeRight";
				IPHONEOS_DEPLOYMENT_TARGET = 15.5;
				LD_RUNPATH_SEARCH_PATHS = (
					"$(inherited)",
					"@executable_path/Frameworks",
				);
				MARKETING_VERSION = 1.0;
				PRODUCT_BUNDLE_IDENTIFIER = com.burak.MoviesApp;
				PRODUCT_NAME = "$(TARGET_NAME)";
				SWIFT_EMIT_LOC_STRINGS = YES;
				SWIFT_VERSION = 5.0;
				TARGETED_DEVICE_FAMILY = 1;
			};
			name = Release;
		};
/* End XCBuildConfiguration section */

/* Begin XCConfigurationList section */
		A11ECD76286F82E5006E2BD7 /* Build configuration list for PBXProject "MoviesApp" */ = {
			isa = XCConfigurationList;
			buildConfigurations = (
				A11ECD8D286F82E6006E2BD7 /* Debug */,
				A11ECD8E286F82E6006E2BD7 /* Release */,
			);
			defaultConfigurationIsVisible = 0;
			defaultConfigurationName = Release;
		};
		A11ECD8F286F82E6006E2BD7 /* Build configuration list for PBXNativeTarget "MoviesApp" */ = {
			isa = XCConfigurationList;
			buildConfigurations = (
				A11ECD90286F82E6006E2BD7 /* Debug */,
				A11ECD91286F82E6006E2BD7 /* Release */,
			);
			defaultConfigurationIsVisible = 0;
			defaultConfigurationName = Release;
		};
/* End XCConfigurationList section */

/* Begin XCRemoteSwiftPackageReference section */
		A13DBBCE28B12DF900C857F0 /* XCRemoteSwiftPackageReference "Kingfisher" */ = {
			isa = XCRemoteSwiftPackageReference;
			repositoryURL = "https://github.com/onevcat/Kingfisher.git";
			requirement = {
				branch = master;
				kind = branch;
			};
		};
/* End XCRemoteSwiftPackageReference section */

/* Begin XCSwiftPackageProductDependency section */
		A13DBBCF28B12DF900C857F0 /* Kingfisher */ = {
			isa = XCSwiftPackageProductDependency;
			package = A13DBBCE28B12DF900C857F0 /* XCRemoteSwiftPackageReference "Kingfisher" */;
			productName = Kingfisher;
		};
/* End XCSwiftPackageProductDependency section */
	};
	rootObject = A11ECD73286F82E5006E2BD7 /* Project object */;
}
